
Microsoft Visual Studio Solution File, Format Version 12.00
# Visual Studio Version 16
VisualStudioVersion = 16.0.33927.289
MinimumVisualStudioVersion = 10.0.40219.1
Project("{FAE04EC0-301F-11D3-BF4B-00C04F79EFBC}") = "request_cookie_session", "request_cookie_session\request_cookie_session.csproj", "{1DD42780-F37F-4997-9D4E-3346F6D7BCA7}"
EndProject
Global
	GlobalSection(SolutionConfigurationPlatforms) = preSolution
		Debug|Any CPU = Debug|Any CPU
		Release|Any CPU = Release|Any CPU
	EndGlobalSection
	GlobalSection(ProjectConfigurationPlatforms) = postSolution
		{1DD42780-F37F-4997-9D4E-3346F6D7BCA7}.Debug|Any CPU.ActiveCfg = Debug|Any CPU
		{1DD42780-F37F-4997-9D4E-3346F6D7BCA7}.Debug|Any CPU.Build.0 = Debug|Any CPU
		{1DD42780-F37F-4997-9D4E-3346F6D7BCA7}.Release|Any CPU.ActiveCfg = Release|Any CPU
		{1DD42780-F37F-4997-9D4E-3346F6D7BCA7}.Release|Any CPU.Build.0 = Release|Any CPU
	EndGlobalSection
	GlobalSection(SolutionProperties) = preSolution
		HideSolutionNode = FALSE
	EndGlobalSection
	GlobalSection(ExtensibilityGlobals) = postSolution
		SolutionGuid = {46546AF2-22B8-44ED-936A-53AE5DD01CAC}
	EndGlobalSection
EndGlobal
